
Microsoft Visual Studio Solution File, Format Version 12.00
# Visual Studio 2013
VisualStudioVersion = 12.0.31101.0
MinimumVisualStudioVersion = 10.0.40219.1
Project("{FAE04EC0-301F-11D3-BF4B-00C04F79EFBC}") = "Sidewalk", "Sidewalk\Sidewalk.csproj", "{494984C5-C6BE-4DBE-8DC2-3583F94E2F69}"
EndProject
Project("{FAE04EC0-301F-11D3-BF4B-00C04F79EFBC}") = "CrossLib", "CrossLib\CrossLib.csproj", "{7CC483F0-D119-40E7-9323-5F087E727F0E}"
EndProject
Global
	GlobalSection(SolutionConfigurationPlatforms) = preSolution
		Debug|Any CPU = Debug|Any CPU
		Release|Any CPU = Release|Any CPU
	EndGlobalSection
	GlobalSection(ProjectConfigurationPlatforms) = postSolution
		{494984C5-C6BE-4DBE-8DC2-3583F94E2F69}.Debug|Any CPU.ActiveCfg = Debug|Any CPU
		{494984C5-C6BE-4DBE-8DC2-3583F94E2F69}.Debug|Any CPU.Build.0 = Debug|Any CPU
		{494984C5-C6BE-4DBE-8DC2-3583F94E2F69}.Release|Any CPU.ActiveCfg = Release|Any CPU
		{494984C5-C6BE-4DBE-8DC2-3583F94E2F69}.Release|Any CPU.Build.0 = Release|Any CPU
		{7CC483F0-D119-40E7-9323-5F087E727F0E}.Debug|Any CPU.ActiveCfg = Debug|Any CPU
		{7CC483F0-D119-40E7-9323-5F087E727F0E}.Debug|Any CPU.Build.0 = Debug|Any CPU
		{7CC483F0-D119-40E7-9323-5F087E727F0E}.Release|Any CPU.ActiveCfg = Release|Any CPU
		{7CC483F0-D119-40E7-9323-5F087E727F0E}.Release|Any CPU.Build.0 = Release|Any CPU
	EndGlobalSection
	GlobalSection(SolutionProperties) = preSolution
		HideSolutionNode = FALSE
	EndGlobalSection
EndGlobal
